
Microsoft Visual Studio Solution File, Format Version 12.00
# Visual Studio Version 17
VisualStudioVersion = 17.14.36414.22
MinimumVisualStudioVersion = 10.0.40219.1
Project("{8BC9CEB8-8B4A-11D0-8D11-00A0C91BC942}") = "HW03", "HW03\HW03.vcxproj", "{B24EC0A0-D87E-4D80-B45E-AAF7D1BF77C4}"
EndProject
Project("{8BC9CEB8-8B4A-11D0-8D11-00A0C91BC942}") = "4주차", "4주차\4주차.vcxproj", "{DFBCADB4-1234-4A8A-9E21-E126A05C1B20}"
EndProject
Project("{8BC9CEB8-8B4A-11D0-8D11-00A0C91BC942}") = "별찍기", "별찍기\별찍기.vcxproj", "{07308D83-DA0F-4097-83D2-841392270BE2}"
EndProject
Project("{8BC9CEB8-8B4A-11D0-8D11-00A0C91BC942}") = "포인터", "포인터\포인터.vcxproj", "{1FC199DB-A164-43B4-9A99-F7C90F548D18}"
EndProject
Project("{8BC9CEB8-8B4A-11D0-8D11-00A0C91BC942}") = "Array", "Array\Array.vcxproj", "{37E71FD2-FAE7-46E3-A380-6F41637BCDF8}"
EndProject
Project("{8BC9CEB8-8B4A-11D0-8D11-00A0C91BC942}") = "Lecture07", "Lecture07\Lecture07.vcxproj", "{925BE369-1D45-4E65-B96C-C1E51E6E95E0}"
EndProject
Project("{8BC9CEB8-8B4A-11D0-8D11-00A0C91BC942}") = "Project8", "Project8\Project8.vcxproj", "{139DC4D4-82C7-4E2B-A1F7-7224BDA8E368}"
EndProject
Project("{8BC9CEB8-8B4A-11D0-8D11-00A0C91BC942}") = "Lecture Struck", "Lecture FIle\Lecture FIle.vcxproj", "{310C3E83-E448-4935-AB87-7D47D4BA0B40}"
EndProject
Project("{8BC9CEB8-8B4A-11D0-8D11-00A0C91BC942}") = "Leture File", "Leture File\Leture File.vcxproj", "{39EE2F1C-DB29-4EEB-ABD9-9379212E016F}"
EndProject
Global
	GlobalSection(SolutionConfigurationPlatforms) = preSolution
		Debug|x64 = Debug|x64
		Debug|x86 = Debug|x86
		Release|x64 = Release|x64
		Release|x86 = Release|x86
	EndGlobalSection
	GlobalSection(ProjectConfigurationPlatforms) = postSolution
		{B24EC0A0-D87E-4D80-B45E-AAF7D1BF77C4}.Debug|x64.ActiveCfg = Debug|x64
		{B24EC0A0-D87E-4D80-B45E-AAF7D1BF77C4}.Debug|x64.Build.0 = Debug|x64
		{B24EC0A0-D87E-4D80-B45E-AAF7D1BF77C4}.Debug|x86.ActiveCfg = Debug|Win32
		{B24EC0A0-D87E-4D80-B45E-AAF7D1BF77C4}.Debug|x86.Build.0 = Debug|Win32
		{B24EC0A0-D87E-4D80-B45E-AAF7D1BF77C4}.Release|x64.ActiveCfg = Release|x64
		{B24EC0A0-D87E-4D80-B45E-AAF7D1BF77C4}.Release|x64.Build.0 = Release|x64
		{B24EC0A0-D87E-4D80-B45E-AAF7D1BF77C4}.Release|x86.ActiveCfg = Release|Win32
		{B24EC0A0-D87E-4D80-B45E-AAF7D1BF77C4}.Release|x86.Build.0 = Release|Win32
		{DFBCADB4-1234-4A8A-9E21-E126A05C1B20}.Debug|x64.ActiveCfg = Debug|x64
		{DFBCADB4-1234-4A8A-9E21-E126A05C1B20}.Debug|x64.Build.0 = Debug|x64
		{DFBCADB4-1234-4A8A-9E21-E126A05C1B20}.Debug|x86.ActiveCfg = Debug|Win32
		{DFBCADB4-1234-4A8A-9E21-E126A05C1B20}.Debug|x86.Build.0 = Debug|Win32
		{DFBCADB4-1234-4A8A-9E21-E126A05C1B20}.Release|x64.ActiveCfg = Release|x64
		{DFBCADB4-1234-4A8A-9E21-E126A05C1B20}.Release|x64.Build.0 = Release|x64
		{DFBCADB4-1234-4A8A-9E21-E126A05C1B20}.Release|x86.ActiveCfg = Release|Win32
		{DFBCADB4-1234-4A8A-9E21-E126A05C1B20}.Release|x86.Build.0 = Release|Win32
		{07308D83-DA0F-4097-83D2-841392270BE2}.Debug|x64.ActiveCfg = Debug|x64
		{07308D83-DA0F-4097-83D2-841392270BE2}.Debug|x64.Build.0 = Debug|x64
		{07308D83-DA0F-4097-83D2-841392270BE2}.Debug|x86.ActiveCfg = Debug|Win32
		{07308D83-DA0F-4097-83D2-841392270BE2}.Debug|x86.Build.0 = Debug|Win32
		{07308D83-DA0F-4097-83D2-841392270BE2}.Release|x64.ActiveCfg = Release|x64
		{07308D83-DA0F-4097-83D2-841392270BE2}.Release|x64.Build.0 = Release|x64
		{07308D83-DA0F-4097-83D2-841392270BE2}.Release|x86.ActiveCfg = Release|Win32
		{07308D83-DA0F-4097-83D2-841392270BE2}.Release|x86.Build.0 = Release|Win32
		{1FC199DB-A164-43B4-9A99-F7C90F548D18}.Debug|x64.ActiveCfg = Debug|x64
		{1FC199DB-A164-43B4-9A99-F7C90F548D18}.Debug|x64.Build.0 = Debug|x64
		{1FC199DB-A164-43B4-9A99-F7C90F548D18}.Debug|x86.ActiveCfg = Debug|Win32
		{1FC199DB-A164-43B4-9A99-F7C90F548D18}.Debug|x86.Build.0 = Debug|Win32
		{1FC199DB-A164-43B4-9A99-F7C90F548D18}.Release|x64.ActiveCfg = Release|x64
		{1FC199DB-A164-43B4-9A99-F7C90F548D18}.Release|x64.Build.0 = Release|x64
		{1FC199DB-A164-43B4-9A99-F7C90F548D18}.Release|x86.ActiveCfg = Release|Win32
		{1FC199DB-A164-43B4-9A99-F7C90F548D18}.Release|x86.Build.0 = Release|Win32
		{37E71FD2-FAE7-46E3-A380-6F41637BCDF8}.Debug|x64.ActiveCfg = Debug|x64
		{37E71FD2-FAE7-46E3-A380-6F41637BCDF8}.Debug|x64.Build.0 = Debug|x64
		{37E71FD2-FAE7-46E3-A380-6F41637BCDF8}.Debug|x86.ActiveCfg = Debug|Win32
		{37E71FD2-FAE7-46E3-A380-6F41637BCDF8}.Debug|x86.Build.0 = Debug|Win32
		{37E71FD2-FAE7-46E3-A380-6F41637BCDF8}.Release|x64.ActiveCfg = Release|x64
		{37E71FD2-FAE7-46E3-A380-6F41637BCDF8}.Release|x64.Build.0 = Release|x64
		{37E71FD2-FAE7-46E3-A380-6F41637BCDF8}.Release|x86.ActiveCfg = Release|Win32
		{37E71FD2-FAE7-46E3-A380-6F41637BCDF8}.Release|x86.Build.0 = Release|Win32
		{925BE369-1D45-4E65-B96C-C1E51E6E95E0}.Debug|x64.ActiveCfg = Debug|x64
		{925BE369-1D45-4E65-B96C-C1E51E6E95E0}.Debug|x64.Build.0 = Debug|x64
		{925BE369-1D45-4E65-B96C-C1E51E6E95E0}.Debug|x86.ActiveCfg = Debug|Win32
		{925BE369-1D45-4E65-B96C-C1E51E6E95E0}.Debug|x86.Build.0 = Debug|Win32
		{925BE369-1D45-4E65-B96C-C1E51E6E95E0}.Release|x64.ActiveCfg = Release|x64
		{925BE369-1D45-4E65-B96C-C1E51E6E95E0}.Release|x64.Build.0 = Release|x64
		{925BE369-1D45-4E65-B96C-C1E51E6E95E0}.Release|x86.ActiveCfg = Release|Win32
		{925BE369-1D45-4E65-B96C-C1E51E6E95E0}.Release|x86.Build.0 = Release|Win32
		{139DC4D4-82C7-4E2B-A1F7-7224BDA8E368}.Debug|x64.ActiveCfg = Debug|x64
		{139DC4D4-82C7-4E2B-A1F7-7224BDA8E368}.Debug|x64.Build.0 = Debug|x64
		{139DC4D4-82C7-4E2B-A1F7-7224BDA8E368}.Debug|x86.ActiveCfg = Debug|Win32
		{139DC4D4-82C7-4E2B-A1F7-7224BDA8E368}.Debug|x86.Build.0 = Debug|Win32
		{139DC4D4-82C7-4E2B-A1F7-7224BDA8E368}.Release|x64.ActiveCfg = Release|x64
		{139DC4D4-82C7-4E2B-A1F7-7224BDA8E368}.Release|x64.Build.0 = Release|x64
		{139DC4D4-82C7-4E2B-A1F7-7224BDA8E368}.Release|x86.ActiveCfg = Release|Win32
		{139DC4D4-82C7-4E2B-A1F7-7224BDA8E368}.Release|x86.Build.0 = Release|Win32
		{310C3E83-E448-4935-AB87-7D47D4BA0B40}.Debug|x64.ActiveCfg = Debug|x64
		{310C3E83-E448-4935-AB87-7D47D4BA0B40}.Debug|x64.Build.0 = Debug|x64
		{310C3E83-E448-4935-AB87-7D47D4BA0B40}.Debug|x86.ActiveCfg = Debug|Win32
		{310C3E83-E448-4935-AB87-7D47D4BA0B40}.Debug|x86.Build.0 = Debug|Win32
		{310C3E83-E448-4935-AB87-7D47D4BA0B40}.Release|x64.ActiveCfg = Release|x64
		{310C3E83-E448-4935-AB87-7D47D4BA0B40}.Release|x64.Build.0 = Release|x64
		{310C3E83-E448-4935-AB87-7D47D4BA0B40}.Release|x86.ActiveCfg = Release|Win32
		{310C3E83-E448-4935-AB87-7D47D4BA0B40}.Release|x86.Build.0 = Release|Win32
		{39EE2F1C-DB29-4EEB-ABD9-9379212E016F}.Debug|x64.ActiveCfg = Debug|x64
		{39EE2F1C-DB29-4EEB-ABD9-9379212E016F}.Debug|x64.Build.0 = Debug|x64
		{39EE2F1C-DB29-4EEB-ABD9-9379212E016F}.Debug|x86.ActiveCfg = Debug|Win32
		{39EE2F1C-DB29-4EEB-ABD9-9379212E016F}.Debug|x86.Build.0 = Debug|Win32
		{39EE2F1C-DB29-4EEB-ABD9-9379212E016F}.Release|x64.ActiveCfg = Release|x64
		{39EE2F1C-DB29-4EEB-ABD9-9379212E016F}.Release|x64.Build.0 = Release|x64
		{39EE2F1C-DB29-4EEB-ABD9-9379212E016F}.Release|x86.ActiveCfg = Release|Win32
		{39EE2F1C-DB29-4EEB-ABD9-9379212E016F}.Release|x86.Build.0 = Release|Win32
	EndGlobalSection
	GlobalSection(SolutionProperties) = preSolution
		HideSolutionNode = FALSE
	EndGlobalSection
	GlobalSection(ExtensibilityGlobals) = postSolution
		SolutionGuid = {D2A7CD8C-40C2-49B3-97B2-181B9BA7144C}
	EndGlobalSection
EndGlobal
